<?xml version="1.0" encoding="utf-8"?>
<Project ToolsVersion="4.0" xmlns="http://schemas.microsoft.com/developer/msbuild/2003">
  <ItemGroup>
    <Filter Include="Source Files">
      <UniqueIdentifier>{4FC737F1-C7A5-4376-A066-2A32D752A2FF}</UniqueIdentifier>
      <Extensions>cpp;c;cc;cxx;c++;cppm;ixx;def;odl;idl;hpj;bat;asm;asmx</Extensions>
    </Filter>
    <Filter Include="Header Files">
      <UniqueIdentifier>{93995380-89BD-4b04-88EB-625FBE52EBFB}</UniqueIdentifier>
      <Extensions>h;hh;hpp;hxx;h++;hm;inl;inc;ipp;xsd</Extensions>
    </Filter>
    <Filter Include="Resource Files">
      <UniqueIdentifier>{67DA6AB6-F800-4c08-8B7A-83BB121AAD01}</UniqueIdentifier>
      <Extensions>rc;ico;cur;bmp;dlg;rc2;rct;bin;rgs;gif;jpg;jpeg;jpe;resx;tiff;tif;png;wav;mfcribbon-ms</Extensions>
    </Filter>
    <Filter Include="api">
      <UniqueIdentifier>{0d0fa0bd-5843-430e-b725-339601ca4407}</UniqueIdentifier>
    </Filter>
    <Filter Include="core">
      <UniqueIdentifier>{cb5f8133-15bf-42ab-bf09-966366cb6c5b}</UniqueIdentifier>
    </Filter>
    <Filter Include="visualization">
      <UniqueIdentifier>{6ea8ced3-5a67-472f-a074-7c42a53c1134}</UniqueIdentifier>
    </Filter>
    <Filter Include="utils">
      <UniqueIdentifier>{501a8b8e-4b2f-4bfb-a797-7645ebb808f3}</UniqueIdentifier>
    </Filter>
    <Filter Include="examples">
      <UniqueIdentifier>{97896af8-4095-492e-af0a-dd4d86575d03}</UniqueIdentifier>
    </Filter>
    <Filter Include="tests">
      <UniqueIdentifier>{9fea3fc2-13de-4174-8572-1b4d26bd0503}</UniqueIdentifier>
    </Filter>
    <Filter Include="docs">
      <UniqueIdentifier>{cddbbb17-5d1c-4bad-81a3-965cfb43d473}</UniqueIdentifier>
    </Filter>
    <Filter Include="data">
      <UniqueIdentifier>{d2169860-52ff-41c6-85cd-3d3f8fe9d868}</UniqueIdentifier>
    </Filter>
    <Filter Include="main">
      <UniqueIdentifier>{8eb98910-ad8a-4d51-a98a-9a869d7ea96c}</UniqueIdentifier>
    </Filter>
    <Filter Include="core\ProcessManager">
      <UniqueIdentifier>{976ecedb-a605-4602-b0b9-1a8dd30ed10b}</UniqueIdentifier>
    </Filter>
    <Filter Include="core\SchedulerEngine">
      <UniqueIdentifier>{41980a87-2b67-4b3d-8a69-7b999d366184}</UniqueIdentifier>
    </Filter>
    <Filter Include="core\TimelineManager">
      <UniqueIdentifier>{1d11459e-c0e1-4742-8145-3ea12acd9950}</UniqueIdentifier>
    </Filter>
    <Filter Include="core\SchedulerEngine\FCFS">
      <UniqueIdentifier>{50e89360-c48d-4389-adee-5f2927af6510}</UniqueIdentifier>
    </Filter>
  </ItemGroup>
  <ItemGroup>
    <ClCompile Include="CPU_Scheduling_Visualizer.cpp">
      <Filter>main</Filter>
    </ClCompile>
    <ClCompile Include="core\SchedulerEngine\SchedulerContext.cpp">
      <Filter>core\SchedulerEngine</Filter>
    </ClCompile>
    <ClCompile Include="api\SchedulerAPI.cpp">
      <Filter>api</Filter>
    </ClCompile>
    <ClCompile Include="core\ProcessManager\ProcessManager.cpp">
      <Filter>core\ProcessManager</Filter>
    </ClCompile>
    <ClCompile Include="api\ProcessAPI.cpp">
      <Filter>api</Filter>
    </ClCompile>
    <ClCompile Include="core\TimelineManager\TimelineManager.cpp">
      <Filter>core\TimelineManager</Filter>
    </ClCompile>
    <ClCompile Include="core\SchedulerEngine\FCFS\FCFSScheduler.cpp">
      <Filter>core\SchedulerEngine\FCFS</Filter>
    </ClCompile>
    <ClCompile Include="api\MetricsAPI.cpp">
      <Filter>api</Filter>
    </ClCompile>
    <ClCompile Include="utils\TimeCalculator.cpp">
      <Filter>utils</Filter>
    </ClCompile>
  </ItemGroup>
  <ItemGroup>
    <ClInclude Include="core\ProcessManager\ProcessControlBlock.h">
      <Filter>core\ProcessManager</Filter>
    </ClInclude>
    <ClInclude Include="core\SchedulerEngine\SchedulerContext.h">
      <Filter>core\SchedulerEngine</Filter>
    </ClInclude>
    <ClInclude Include="api\SchedulerAPI.h">
      <Filter>api</Filter>
    </ClInclude>
    <ClInclude Include="core\ProcessManager\ProcessManager.h">
      <Filter>core\ProcessManager</Filter>
    </ClInclude>
    <ClInclude Include="api\ProcessAPI.h">
      <Filter>api</Filter>
    </ClInclude>
    <ClInclude Include="core\TimelineManager\TimelineEntry.h">
      <Filter>core\TimelineManager</Filter>
    </ClInclude>
    <ClInclude Include="core\TimelineManager\TimelineManager.h">
      <Filter>core\TimelineManager</Filter>
    </ClInclude>
    <ClInclude Include="core\SchedulerEngine\FCFS\FCFSScheduler.h">
      <Filter>core\SchedulerEngine\FCFS</Filter>
    </ClInclude>
    <ClInclude Include="api\MetricsAPI.h">
      <Filter>api</Filter>
    </ClInclude>
    <ClInclude Include="utils\TimeCalculator.h">
      <Filter>utils</Filter>
    </ClInclude>
  </ItemGroup>
</Project>